
Microsoft Visual Studio Solution File, Format Version 12.00
# Visual Studio Version 16
VisualStudioVersion = 16.0.31829.152
MinimumVisualStudioVersion = 10.0.40219.1
Project("{FAE04EC0-301F-11D3-BF4B-00C04F79EFBC}") = "dangnhap", "dangnhap\dangnhap.csproj", "{777B343E-0A1A-4452-B5AA-058A8D84BEE0}"
EndProject
Global
	GlobalSection(SolutionConfigurationPlatforms) = preSolution
		Debug|Any CPU = Debug|Any CPU
		Release|Any CPU = Release|Any CPU
	EndGlobalSection
	GlobalSection(ProjectConfigurationPlatforms) = postSolution
		{777B343E-0A1A-4452-B5AA-058A8D84BEE0}.Debug|Any CPU.ActiveCfg = Debug|Any CPU
		{777B343E-0A1A-4452-B5AA-058A8D84BEE0}.Debug|Any CPU.Build.0 = Debug|Any CPU
		{777B343E-0A1A-4452-B5AA-058A8D84BEE0}.Release|Any CPU.ActiveCfg = Release|Any CPU
		{777B343E-0A1A-4452-B5AA-058A8D84BEE0}.Release|Any CPU.Build.0 = Release|Any CPU
	EndGlobalSection
	GlobalSection(SolutionProperties) = preSolution
		HideSolutionNode = FALSE
	EndGlobalSection
	GlobalSection(ExtensibilityGlobals) = postSolution
		SolutionGuid = {FEA87D06-CB8F-4023-AAAB-0E4B9C4E24D7}
	EndGlobalSection
EndGlobal
